
Microsoft Visual Studio Solution File, Format Version 12.00
# Visual Studio Version 16
VisualStudioVersion = 16.0.30225.117
MinimumVisualStudioVersion = 10.0.40219.1
Project("{9A19103F-16F7-4668-BE54-9A1E7A4F7556}") = "Loader.Core", "Loader\Loader.Core.csproj", "{B5F3FE00-CA8E-4D6A-BE36-386C218059BF}"
EndProject
Project("{9A19103F-16F7-4668-BE54-9A1E7A4F7556}") = "ConsoleApp1", "ConsoleApp1\ConsoleApp1.csproj", "{65CA76F3-1A16-4C61-9A36-5B683417FE2B}"
EndProject
Global
	GlobalSection(SolutionConfigurationPlatforms) = preSolution
		Debug|Any CPU = Debug|Any CPU
		Release|Any CPU = Release|Any CPU
	EndGlobalSection
	GlobalSection(ProjectConfigurationPlatforms) = postSolution
		{B5F3FE00-CA8E-4D6A-BE36-386C218059BF}.Debug|Any CPU.ActiveCfg = Debug|Any CPU
		{B5F3FE00-CA8E-4D6A-BE36-386C218059BF}.Debug|Any CPU.Build.0 = Debug|Any CPU
		{B5F3FE00-CA8E-4D6A-BE36-386C218059BF}.Release|Any CPU.ActiveCfg = Release|Any CPU
		{B5F3FE00-CA8E-4D6A-BE36-386C218059BF}.Release|Any CPU.Build.0 = Release|Any CPU
		{65CA76F3-1A16-4C61-9A36-5B683417FE2B}.Debug|Any CPU.ActiveCfg = Debug|Any CPU
		{65CA76F3-1A16-4C61-9A36-5B683417FE2B}.Debug|Any CPU.Build.0 = Debug|Any CPU
		{65CA76F3-1A16-4C61-9A36-5B683417FE2B}.Release|Any CPU.ActiveCfg = Release|Any CPU
		{65CA76F3-1A16-4C61-9A36-5B683417FE2B}.Release|Any CPU.Build.0 = Release|Any CPU
	EndGlobalSection
	GlobalSection(SolutionProperties) = preSolution
		HideSolutionNode = FALSE
	EndGlobalSection
	GlobalSection(ExtensibilityGlobals) = postSolution
		SolutionGuid = {97953F4C-66B8-46FE-8F98-4B67AC5F40BA}
	EndGlobalSection
EndGlobal
